# conformance SUITE.lock — frozen case hashes (blake3). Do NOT edit by hand.
conformance/SUITE.json	blake3	42c80613b1d883d65f9127cba9af55dc3d2a82d8606edeec23c6f87c41d9ed51
conformance/cases/assurance-rollup.json	blake3	d305a18ab05fd0c3be9a507f55d0545d913b5f819d35c71f9a8c34b02b4c2146
conformance/cases/claude-code-fabricated-pass.json	blake3	c4ca39c085990d70ab7906f928fc8e68f7869f45114b15210ab2deac7cf488e5
conformance/cases/claude-code-oos-delete.json	blake3	3fbd2f9abb998220ca63d3a87d214302ef2bf6f388218f842ba65353c2ca3a9f
conformance/cases/codex-fabricated-pass.json	blake3	2bd809bf19eab118f1cd7535e4ffd08d8258d0c2a19358d2eef94f86837b65d5
conformance/cases/codex-oos-delete.json	blake3	5aff11d3e4b7384d6b0fc5097171eb6f889212f01369ac892d007827b52a186b
conformance/cases/generic-fabricated-pass.json	blake3	9102fd168bf594fa0b066b8b73762bbc2e68089f27a3294d2c58d99f0189646d
conformance/cases/generic-oos-delete.json	blake3	04ca07960fb089f0a4beadca2516ae3a71d710a208d1e4a46ee2415ae2e86051
conformance/run.sh	blake3	005c2e1147fe39d5549a72ed56563cfb1185817528f18ae1d827dc47fe2c551c
